// !$*UTF8*$!
{
	archiveVersion = 1;
	classes = {
	};
	objectVersion = 46;
	objects = {

/* Begin PBXBuildFile section */
		2FB490981BFEB4DE00F63FE6 /* main.m in Sources */ = {isa = PBXBuildFile; fileRef = 2FB490971BFEB4DE00F63FE6 /* main.m */; };
		2FB4909B1BFEB4DE00F63FE6 /* AppDelegate.m in Sources */ = {isa = PBXBuildFile; fileRef = 2FB4909A1BFEB4DE00F63FE6 /* AppDelegate.m */; };
		2FB490A31BFEB4DE00F63FE6 /* Assets.xcassets in Resources */ = {isa = PBXBuildFile; fileRef = 2FB490A21BFEB4DE00F63FE6 /* Assets.xcassets */; };
		2FB490A61BFEB4DE00F63FE6 /* LaunchScreen.storyboard in Resources */ = {isa = PBXBuildFile; fileRef = 2FB490A41BFEB4DE00F63FE6 /* LaunchScreen.storyboard */; };
		2FB490B11BFEB4DE00F63FE6 /* citySelectTests.m in Sources */ = {isa = PBXBuildFile; fileRef = 2FB490B01BFEB4DE00F63FE6 /* citySelectTests.m */; };
		2FB490BC1BFEB4DE00F63FE6 /* citySelectUITests.m in Sources */ = {isa = PBXBuildFile; fileRef = 2FB490BB1BFEB4DE00F63FE6 /* citySelectUITests.m */; };
		2FB490CB1BFEB50C00F63FE6 /* LovationViewController.m in Sources */ = {isa = PBXBuildFile; fileRef = 2FB490CA1BFEB50C00F63FE6 /* LovationViewController.m */; settings = {ASSET_TAGS = (); }; };
		2FB490CD1BFEB73D00F63FE6 /* citydict.plist in Resources */ = {isa = PBXBuildFile; fileRef = 2FB490CC1BFEB73D00F63FE6 /* citydict.plist */; settings = {ASSET_TAGS = (); }; };
/* End PBXBuildFile section */

/* Begin PBXContainerItemProxy section */
		2FB490AD1BFEB4DE00F63FE6 /* PBXContainerItemProxy */ = {
			isa = PBXContainerItemProxy;
			containerPortal = 2FB4908B1BFEB4DE00F63FE6 /* Project object */;
			proxyType = 1;
			remoteGlobalIDString = 2FB490921BFEB4DE00F63FE6;
			remoteInfo = citySelect;
		};
		2FB490B81BFEB4DE00F63FE6 /* PBXContainerItemProxy */ = {
			isa = PBXContainerItemProxy;
			containerPortal = 2FB4908B1BFEB4DE00F63FE6 /* Project object */;
			proxyType = 1;
			remoteGlobalIDString = 2FB490921BFEB4DE00F63FE6;
			remoteInfo = citySelect;
		};
/* End PBXContainerItemProxy section */

/* Begin PBXFileReference section */
		2FB490931BFEB4DE00F63FE6 /* citySelect.app */ = {isa = PBXFileReference; explicitFileType = wrapper.application; includeInIndex = 0; path = citySelect.app; sourceTree = BUILT_PRODUCTS_DIR; };
		2FB490971BFEB4DE00F63FE6 /* main.m */ = {isa = PBXFileReference; lastKnownFileType = sourcecode.c.objc; path = main.m; sourceTree = "<group>"; };
		2FB490991BFEB4DE00F63FE6 /* AppDelegate.h */ = {isa = PBXFileReference; lastKnownFileType = sourcecode.c.h; path = AppDelegate.h; sourceTree = "<group>"; };
		2FB4909A1BFEB4DE00F63FE6 /* AppDelegate.m */ = {isa = PBXFileReference; lastKnownFileType = sourcecode.c.objc; path = AppDelegate.m; sourceTree = "<group>"; };
		2FB490A21BFEB4DE00F63FE6 /* Assets.xcassets */ = {isa = PBXFileReference; lastKnownFileType = folder.assetcatalog; path = Assets.xcassets; sourceTree = "<group>"; };
		2FB490A51BFEB4DE00F63FE6 /* Base */ = {isa = PBXFileReference; lastKnownFileType = file.storyboard; name = Base; path = Base.lproj/LaunchScreen.storyboard; sourceTree = "<group>"; };
		2FB490A71BFEB4DE00F63FE6 /* Info.plist */ = {isa = PBXFileReference; lastKnownFileType = text.plist.xml; path = Info.plist; sourceTree = "<group>"; };
		2FB490AC1BFEB4DE00F63FE6 /* citySelectTests.xctest */ = {isa = PBXFileReference; explicitFileType = wrapper.cfbundle; includeInIndex = 0; path = citySelectTests.xctest; sourceTree = BUILT_PRODUCTS_DIR; };
		2FB490B01BFEB4DE00F63FE6 /* citySelectTests.m */ = {isa = PBXFileReference; lastKnownFileType = sourcecode.c.objc; path = citySelectTests.m; sourceTree = "<group>"; };
		2FB490B21BFEB4DE00F63FE6 /* Info.plist */ = {isa = PBXFileReference; lastKnownFileType = text.plist.xml; path = Info.plist; sourceTree = "<group>"; };
		2FB490B71BFEB4DE00F63FE6 /* citySelectUITests.xctest */ = {isa = PBXFileReference; explicitFileType = wrapper.cfbundle; includeInIndex = 0; path = citySelectUITests.xctest; sourceTree = BUILT_PRODUCTS_DIR; };
		2FB490BB1BFEB4DE00F63FE6 /* citySelectUITests.m */ = {isa = PBXFileReference; lastKnownFileType = sourcecode.c.objc; path = citySelectUITests.m; sourceTree = "<group>"; };
		2FB490BD1BFEB4DE00F63FE6 /* Info.plist */ = {isa = PBXFileReference; lastKnownFileType = text.plist.xml; path = Info.plist; sourceTree = "<group>"; };
		2FB490C91BFEB50C00F63FE6 /* LovationViewController.h */ = {isa = PBXFileReference; fileEncoding = 4; lastKnownFileType = sourcecode.c.h; path = LovationViewController.h; sourceTree = "<group>"; };
		2FB490CA1BFEB50C00F63FE6 /* LovationViewController.m */ = {isa = PBXFileReference; fileEncoding = 4; lastKnownFileType = sourcecode.c.objc; path = LovationViewController.m; sourceTree = "<group>"; };
		2FB490CC1BFEB73D00F63FE6 /* citydict.plist */ = {isa = PBXFileReference; fileEncoding = 4; lastKnownFileType = text.plist.xml; path = citydict.plist; sourceTree = "<group>"; };
/* End PBXFileReference section */

/* Begin PBXFrameworksBuildPhase section */
		2FB490901BFEB4DE00F63FE6 /* Frameworks */ = {
			isa = PBXFrameworksBuildPhase;
			buildActionMask = 2147483647;
			files = (
			);
			runOnlyForDeploymentPostprocessing = 0;
		};
		2FB490A91BFEB4DE00F63FE6 /* Frameworks */ = {
			isa = PBXFrameworksBuildPhase;
			buildActionMask = 2147483647;
			files = (
			);
			runOnlyForDeploymentPostprocessing = 0;
		};
		2FB490B41BFEB4DE00F63FE6 /* Frameworks */ = {
			isa = PBXFrameworksBuildPhase;
			buildActionMask = 2147483647;
			files = (
			);
			runOnlyForDeploymentPostprocessing = 0;
		};
/* End PBXFrameworksBuildPhase section */

/* Begin PBXGroup section */
		2FB4908A1BFEB4DE00F63FE6 = {
			isa = PBXGroup;
			children = (
				2FB490951BFEB4DE00F63FE6 /* citySelect */,
				2FB490AF1BFEB4DE00F63FE6 /* citySelectTests */,
				2FB490BA1BFEB4DE00F63FE6 /* citySelectUITests */,
				2FB490941BFEB4DE00F63FE6 /* Products */,
			);
			sourceTree = "<group>";
		};
		2FB490941BFEB4DE00F63FE6 /* Products */ = {
			isa = PBXGroup;
			children = (
				2FB490931BFEB4DE00F63FE6 /* citySelect.app */,
				2FB490AC1BFEB4DE00F63FE6 /* citySelectTests.xctest */,
				2FB490B71BFEB4DE00F63FE6 /* citySelectUITests.xctest */,
			);
			name = Products;
			sourceTree = "<group>";
		};
		2FB490951BFEB4DE00F63FE6 /* citySelect */ = {
			isa = PBXGroup;
			children = (
				2FB490CC1BFEB73D00F63FE6 /* citydict.plist */,
				2FB490C91BFEB50C00F63FE6 /* LovationViewController.h */,
				2FB490CA1BFEB50C00F63FE6 /* LovationViewController.m */,
				2FB490991BFEB4DE00F63FE6 /* AppDelegate.h */,
				2FB4909A1BFEB4DE00F63FE6 /* AppDelegate.m */,
				2FB490A21BFEB4DE00F63FE6 /* Assets.xcassets */,
				2FB490A41BFEB4DE00F63FE6 /* LaunchScreen.storyboard */,
				2FB490A71BFEB4DE00F63FE6 /* Info.plist */,
				2FB490961BFEB4DE00F63FE6 /* Supporting Files */,
			);
			path = citySelect;
			sourceTree = "<group>";
		};
		2FB490961BFEB4DE00F63FE6 /* Supporting Files */ = {
			isa = PBXGroup;
			children = (
				2FB490971BFEB4DE00F63FE6 /* main.m */,
			);
			name = "Supporting Files";
			sourceTree = "<group>";
		};
		2FB490AF1BFEB4DE00F63FE6 /* citySelectTests */ = {
			isa = PBXGroup;
			children = (
				2FB490B01BFEB4DE00F63FE6 /* citySelectTests.m */,
				2FB490B21BFEB4DE00F63FE6 /* Info.plist */,
			);
			path = citySelectTests;
			sourceTree = "<group>";
		};
		2FB490BA1BFEB4DE00F63FE6 /* citySelectUITests */ = {
			isa = PBXGroup;
			children = (
				2FB490BB1BFEB4DE00F63FE6 /* citySelectUITests.m */,
				2FB490BD1BFEB4DE00F63FE6 /* Info.plist */,
			);
			path = citySelectUITests;
			sourceTree = "<group>";
		};
/* End PBXGroup section */

/* Begin PBXNativeTarget section */
		2FB490921BFEB4DE00F63FE6 /* citySelect */ = {
			isa = PBXNativeTarget;
			buildConfigurationList = 2FB490C01BFEB4DE00F63FE6 /* Build configuration list for PBXNativeTarget "citySelect" */;
			buildPhases = (
				2FB4908F1BFEB4DE00F63FE6 /* Sources */,
				2FB490901BFEB4DE00F63FE6 /* Frameworks */,
				2FB490911BFEB4DE00F63FE6 /* Resources */,
			);
			buildRules = (
			);
			dependencies = (
			);
			name = citySelect;
			productName = citySelect;
			productReference = 2FB490931BFEB4DE00F63FE6 /* citySelect.app */;
			productType = "com.apple.product-type.application";
		};
		2FB490AB1BFEB4DE00F63FE6 /* citySelectTests */ = {
			isa = PBXNativeTarget;
			buildConfigurationList = 2FB490C31BFEB4DE00F63FE6 /* Build configuration list for PBXNativeTarget "citySelectTests" */;
			buildPhases = (
				2FB490A81BFEB4DE00F63FE6 /* Sources */,
				2FB490A91BFEB4DE00F63FE6 /* Frameworks */,
				2FB490AA1BFEB4DE00F63FE6 /* Resources */,
			);
			buildRules = (
			);
			dependencies = (
				2FB490AE1BFEB4DE00F63FE6 /* PBXTargetDependency */,
			);
			name = citySelectTests;
			productName = citySelectTests;
			productReference = 2FB490AC1BFEB4DE00F63FE6 /* citySelectTests.xctest */;
			productType = "com.apple.product-type.bundle.unit-test";
		};
		2FB490B61BFEB4DE00F63FE6 /* citySelectUITests */ = {
			isa = PBXNativeTarget;
			buildConfigurationList = 2FB490C61BFEB4DE00F63FE6 /* Build configuration list for PBXNativeTarget "citySelectUITests" */;
			buildPhases = (
				2FB490B31BFEB4DE00F63FE6 /* Sources */,
				2FB490B41BFEB4DE00F63FE6 /* Frameworks */,
				2FB490B51BFEB4DE00F63FE6 /* Resources */,
			);
			buildRules = (
			);
			dependencies = (
				2FB490B91BFEB4DE00F63FE6 /* PBXTargetDependency */,
			);
			name = citySelectUITests;
			productName = citySelectUITests;
			productReference = 2FB490B71BFEB4DE00F63FE6 /* citySelectUITests.xctest */;
			productType = "com.apple.product-type.bundle.ui-testing";
		};
/* End PBXNativeTarget section */

/* Begin PBXProject section */
		2FB4908B1BFEB4DE00F63FE6 /* Project object */ = {
			isa = PBXProject;
			attributes = {
				LastUpgradeCheck = 0700;
				ORGANIZATIONNAME = wujiang;
				TargetAttributes = {
					2FB490921BFEB4DE00F63FE6 = {
						CreatedOnToolsVersion = 7.0.1;
					};
					2FB490AB1BFEB4DE00F63FE6 = {
						CreatedOnToolsVersion = 7.0.1;
						TestTargetID = 2FB490921BFEB4DE00F63FE6;
					};
					2FB490B61BFEB4DE00F63FE6 = {
						CreatedOnToolsVersion = 7.0.1;
						TestTargetID = 2FB490921BFEB4DE00F63FE6;
					};
				};
			};
			buildConfigurationList = 2FB4908E1BFEB4DE00F63FE6 /* Build configuration list for PBXProject "citySelect" */;
			compatibilityVersion = "Xcode 3.2";
			developmentRegion = English;
			hasScannedForEncodings = 0;
			knownRegions = (
				en,
				Base,
			);
			mainGroup = 2FB4908A1BFEB4DE00F63FE6;
			productRefGroup = 2FB490941BFEB4DE00F63FE6 /* Products */;
			projectDirPath = "";
			projectRoot = "";
			targets = (
				2FB490921BFEB4DE00F63FE6 /* citySelect */,
				2FB490AB1BFEB4DE00F63FE6 /* citySelectTests */,
				2FB490B61BFEB4DE00F63FE6 /* citySelectUITests */,
			);
		};
/* End PBXProject section */

/* Begin PBXResourcesBuildPhase section */
		2FB490911BFEB4DE00F63FE6 /* Resources */ = {
			isa = PBXResourcesBuildPhase;
			buildActionMask = 2147483647;
			files = (
				2FB490A61BFEB4DE00F63FE6 /* LaunchScreen.storyboard in Resources */,
				2FB490CD1BFEB73D00F63FE6 /* citydict.plist in Resources */,
				2FB490A31BFEB4DE00F63FE6 /* Assets.xcassets in Resources */,
			);
			runOnlyForDeploymentPostprocessing = 0;
		};
		2FB490AA1BFEB4DE00F63FE6 /* Resources */ = {
			isa = PBXResourcesBuildPhase;
			buildActionMask = 2147483647;
			files = (
			);
			runOnlyForDeploymentPostprocessing = 0;
		};
		2FB490B51BFEB4DE00F63FE6 /* Resources */ = {
			isa = PBXResourcesBuildPhase;
			buildActionMask = 2147483647;
			files = (
			);
			runOnlyForDeploymentPostprocessing = 0;
		};
/* End PBXResourcesBuildPhase section */

/* Begin PBXSourcesBuildPhase section */
		2FB4908F1BFEB4DE00F63FE6 /* Sources */ = {
			isa = PBXSourcesBuildPhase;
			buildActionMask = 2147483647;
			files = (
				2FB490CB1BFEB50C00F63FE6 /* LovationViewController.m in Sources */,
				2FB4909B1BFEB4DE00F63FE6 /* AppDelegate.m in Sources */,
				2FB490981BFEB4DE00F63FE6 /* main.m in Sources */,
			);
			runOnlyForDeploymentPostprocessing = 0;
		};
		2FB490A81BFEB4DE00F63FE6 /* Sources */ = {
			isa = PBXSourcesBuildPhase;
			buildActionMask = 2147483647;
			files = (
				2FB490B11BFEB4DE00F63FE6 /* citySelectTests.m in Sources */,
			);
			runOnlyForDeploymentPostprocessing = 0;
		};
		2FB490B31BFEB4DE00F63FE6 /* Sources */ = {
			isa = PBXSourcesBuildPhase;
			buildActionMask = 2147483647;
			files = (
				2FB490BC1BFEB4DE00F63FE6 /* citySelectUITests.m in Sources */,
			);
			runOnlyForDeploymentPostprocessing = 0;
		};
/* End PBXSourcesBuildPhase section */

/* Begin PBXTargetDependency section */
		2FB490AE1BFEB4DE00F63FE6 /* PBXTargetDependency */ = {
			isa = PBXTargetDependency;
			target = 2FB490921BFEB4DE00F63FE6 /* citySelect */;
			targetProxy = 2FB490AD1BFEB4DE00F63FE6 /* PBXContainerItemProxy */;
		};
		2FB490B91BFEB4DE00F63FE6 /* PBXTargetDependency */ = {
			isa = PBXTargetDependency;
			target = 2FB490921BFEB4DE00F63FE6 /* citySelect */;
			targetProxy = 2FB490B81BFEB4DE00F63FE6 /* PBXContainerItemProxy */;
		};
/* End PBXTargetDependency section */

/* Begin PBXVariantGroup section */
		2FB490A41BFEB4DE00F63FE6 /* LaunchScreen.storyboard */ = {
			isa = PBXVariantGroup;
			children = (
				2FB490A51BFEB4DE00F63FE6 /* Base */,
			);
			name = LaunchScreen.storyboard;
			sourceTree = "<group>";
		};
/* End PBXVariantGroup section */

/* Begin XCBuildConfiguration section */
		2FB490BE1BFEB4DE00F63FE6 /* Debug */ = {
			isa = XCBuildConfiguration;
			buildSettings = {
				ALWAYS_SEARCH_USER_PATHS = NO;
				CLANG_CXX_LANGUAGE_STANDARD = "gnu++0x";
				CLANG_CXX_LIBRARY = "libc++";
				CLANG_ENABLE_MODULES = YES;
				CLANG_ENABLE_OBJC_ARC = YES;
				CLANG_WARN_BOOL_CONVERSION = YES;
				CLANG_WARN_CONSTANT_CONVERSION = YES;
				CLANG_WARN_DIRECT_OBJC_ISA_USAGE = YES_ERROR;
				CLANG_WARN_EMPTY_BODY = YES;
				CLANG_WARN_ENUM_CONVERSION = YES;
				CLANG_WARN_INT_CONVERSION = YES;
				CLANG_WARN_OBJC_ROOT_CLASS = YES_ERROR;
				CLANG_WARN_UNREACHABLE_CODE = YES;
				CLANG_WARN__DUPLICATE_METHOD_MATCH = YES;
				"CODE_SIGN_IDENTITY[sdk=iphoneos*]" = "iPhone Developer";
				COPY_PHASE_STRIP = NO;
				DEBUG_INFORMATION_FORMAT = dwarf;
				ENABLE_STRICT_OBJC_MSGSEND = YES;
				ENABLE_TESTABILITY = YES;
				GCC_C_LANGUAGE_STANDARD = gnu99;
				GCC_DYNAMIC_NO_PIC = NO;
				GCC_NO_COMMON_BLOCKS = YES;
				GCC_OPTIMIZATION_LEVEL = 0;
				GCC_PREPROCESSOR_DEFINITIONS = (
					"DEBUG=1",
					"$(inherited)",
				);
				GCC_WARN_64_TO_32_BIT_CONVERSION = YES;
				GCC_WARN_ABOUT_RETURN_TYPE = YES_ERROR;
				GCC_WARN_UNDECLARED_SELECTOR = YES;
				GCC_WARN_UNINITIALIZED_AUTOS = YES_AGGRESSIVE;
				GCC_WARN_UNUSED_FUNCTION = YES;
				GCC_WARN_UNUSED_VARIABLE = YES;
				IPHONEOS_DEPLOYMENT_TARGET = 9.0;
				MTL_ENABLE_DEBUG_INFO = YES;
				ONLY_ACTIVE_ARCH = YES;
				SDKROOT = iphoneos;
			};
			name = Debug;
		};
		2FB490BF1BFEB4DE00F63FE6 /* Release */ = {
			isa = XCBuildConfiguration;
			buildSettings = {
				ALWAYS_SEARCH_USER_PATHS = NO;
				CLANG_CXX_LANGUAGE_STANDARD = "gnu++0x";
				CLANG_CXX_LIBRARY = "libc++";
				CLANG_ENABLE_MODULES = YES;
				CLANG_ENABLE_OBJC_ARC = YES;
				CLANG_WARN_BOOL_CONVERSION = YES;
				CLANG_WARN_CONSTANT_CONVERSION = YES;
				CLANG_WARN_DIRECT_OBJC_ISA_USAGE = YES_ERROR;
				CLANG_WARN_EMPTY_BODY = YES;
				CLANG_WARN_ENUM_CONVERSION = YES;
				CLANG_WARN_INT_CONVERSION = YES;
				CLANG_WARN_OBJC_ROOT_CLASS = YES_ERROR;
				CLANG_WARN_UNREACHABLE_CODE = YES;
				CLANG_WARN__DUPLICATE_METHOD_MATCH = YES;
				"CODE_SIGN_IDENTITY[sdk=iphoneos*]" = "iPhone Developer";
				COPY_PHASE_STRIP = NO;
				DEBUG_INFORMATION_FORMAT = "dwarf-with-dsym";
				ENABLE_NS_ASSERTIONS = NO;
				ENABLE_STRICT_OBJC_MSGSEND = YES;
				GCC_C_LANGUAGE_STANDARD = gnu99;
				GCC_NO_COMMON_BLOCKS = YES;
				GCC_WARN_64_TO_32_BIT_CONVERSION = YES;
				GCC_WARN_ABOUT_RETURN_TYPE = YES_ERROR;
				GCC_WARN_UNDECLARED_SELECTOR = YES;
				GCC_WARN_UNINITIALIZED_AUTOS = YES_AGGRESSIVE;
				GCC_WARN_UNUSED_FUNCTION = YES;
				GCC_WARN_UNUSED_VARIABLE = YES;
				IPHONEOS_DEPLOYMENT_TARGET = 9.0;
				MTL_ENABLE_DEBUG_INFO = NO;
				SDKROOT = iphoneos;
				VALIDATE_PRODUCT = YES;
			};
			name = Release;
		};
		2FB490C11BFEB4DE00F63FE6 /* Debug */ = {
			isa = XCBuildConfiguration;
			buildSettings = {
				ASSETCATALOG_COMPILER_APPICON_NAME = AppIcon;
				INFOPLIST_FILE = citySelect/Info.plist;
				IPHONEOS_DEPLOYMENT_TARGET = 7.0;
				LD_RUNPATH_SEARCH_PATHS = "$(inherited) @executable_path/Frameworks";
				PRODUCT_BUNDLE_IDENTIFIER = com.YNET.citySelect;
				PRODUCT_NAME = "$(TARGET_NAME)";
			};
			name = Debug;
		};
		2FB490C21BFEB4DE00F63FE6 /* Release */ = {
			isa = XCBuildConfiguration;
			buildSettings = {
				ASSETCATALOG_COMPILER_APPICON_NAME = AppIcon;
				INFOPLIST_FILE = citySelect/Info.plist;
				IPHONEOS_DEPLOYMENT_TARGET = 7.0;
				LD_RUNPATH_SEARCH_PATHS = "$(inherited) @executable_path/Frameworks";
				PRODUCT_BUNDLE_IDENTIFIER = com.YNET.citySelect;
				PRODUCT_NAME = "$(TARGET_NAME)";
			};
			name = Release;
		};
		2FB490C41BFEB4DE00F63FE6 /* Debug */ = {
			isa = XCBuildConfiguration;
			buildSettings = {
				BUNDLE_LOADER = "$(TEST_HOST)";
				INFOPLIST_FILE = citySelectTests/Info.plist;
				LD_RUNPATH_SEARCH_PATHS = "$(inherited) @executable_path/Frameworks @loader_path/Frameworks";
				PRODUCT_BUNDLE_IDENTIFIER = com.YNET.citySelectTests;
				PRODUCT_NAME = "$(TARGET_NAME)";
				TEST_HOST = "$(BUILT_PRODUCTS_DIR)/citySelect.app/citySelect";
			};
			name = Debug;
		};
		2FB490C51BFEB4DE00F63FE6 /* Release */ = {
			isa = XCBuildConfiguration;
			buildSettings = {
				BUNDLE_LOADER = "$(TEST_HOST)";
				INFOPLIST_FILE = citySelectTests/Info.plist;
				LD_RUNPATH_SEARCH_PATHS = "$(inherited) @executable_path/Frameworks @loader_path/Frameworks";
				PRODUCT_BUNDLE_IDENTIFIER = com.YNET.citySelectTests;
				PRODUCT_NAME = "$(TARGET_NAME)";
				TEST_HOST = "$(BUILT_PRODUCTS_DIR)/citySelect.app/citySelect";
			};
			name = Release;
		};
		2FB490C71BFEB4DE00F63FE6 /* Debug */ = {
			isa = XCBuildConfiguration;
			buildSettings = {
				INFOPLIST_FILE = citySelectUITests/Info.plist;
				LD_RUNPATH_SEARCH_PATHS = "$(inherited) @executable_path/Frameworks @loader_path/Frameworks";
				PRODUCT_BUNDLE_IDENTIFIER = com.YNET.citySelectUITests;
				PRODUCT_NAME = "$(TARGET_NAME)";
				TEST_TARGET_NAME = citySelect;
				USES_XCTRUNNER = YES;
			};
			name = Debug;
		};
		2FB490C81BFEB4DE00F63FE6 /* Release */ = {
			isa = XCBuildConfiguration;
			buildSettings = {
				INFOPLIST_FILE = citySelectUITests/Info.plist;
				LD_RUNPATH_SEARCH_PATHS = "$(inherited) @executable_path/Frameworks @loader_path/Frameworks";
				PRODUCT_BUNDLE_IDENTIFIER = com.YNET.citySelectUITests;
				PRODUCT_NAME = "$(TARGET_NAME)";
				TEST_TARGET_NAME = citySelect;
				USES_XCTRUNNER = YES;
			};
			name = Release;
		};
/* End XCBuildConfiguration section */

/* Begin XCConfigurationList section */
		2FB4908E1BFEB4DE00F63FE6 /* Build configuration list for PBXProject "citySelect" */ = {
			isa = XCConfigurationList;
			buildConfigurations = (
				2FB490BE1BFEB4DE00F63FE6 /* Debug */,
				2FB490BF1BFEB4DE00F63FE6 /* Release */,
			);
			defaultConfigurationIsVisible = 0;
			defaultConfigurationName = Release;
		};
		2FB490C01BFEB4DE00F63FE6 /* Build configuration list for PBXNativeTarget "citySelect" */ = {
			isa = XCConfigurationList;
			buildConfigurations = (
				2FB490C11BFEB4DE00F63FE6 /* Debug */,
				2FB490C21BFEB4DE00F63FE6 /* Release */,
			);
			defaultConfigurationIsVisible = 0;
		};
		2FB490C31BFEB4DE00F63FE6 /* Build configuration list for PBXNativeTarget "citySelectTests" */ = {
			isa = XCConfigurationList;
			buildConfigurations = (
				2FB490C41BFEB4DE00F63FE6 /* Debug */,
				2FB490C51BFEB4DE00F63FE6 /* Release */,
			);
			defaultConfigurationIsVisible = 0;
		};
		2FB490C61BFEB4DE00F63FE6 /* Build configuration list for PBXNativeTarget "citySelectUITests" */ = {
			isa = XCConfigurationList;
			buildConfigurations = (
				2FB490C71BFEB4DE00F63FE6 /* Debug */,
				2FB490C81BFEB4DE00F63FE6 /* Release */,
			);
			defaultConfigurationIsVisible = 0;
		};
/* End XCConfigurationList section */
	};
	rootObject = 2FB4908B1BFEB4DE00F63FE6 /* Project object */;
}
